
Microsoft Visual Studio Solution File, Format Version 12.00
# Visual Studio Version 16
VisualStudioVersion = 16.0.29806.167
MinimumVisualStudioVersion = 10.0.40219.1
Project("{FAE04EC0-301F-11D3-BF4B-00C04F79EFBC}") = "SmartHome.Android", "SmartHome\SmartHome.Android\SmartHome.Android.csproj", "{0441BC31-D8ED-4C2E-BFEE-99E0590BAA44}"
EndProject
Project("{FAE04EC0-301F-11D3-BF4B-00C04F79EFBC}") = "SmartHome.iOS", "SmartHome\SmartHome.iOS\SmartHome.iOS.csproj", "{405F6798-9499-4997-AE63-7201EA3905B6}"
EndProject
Project("{FAE04EC0-301F-11D3-BF4B-00C04F79EFBC}") = "SmartHome", "SmartHome\SmartHome\SmartHome.csproj", "{8E31282B-3ECC-4711-8D0B-1B4B27F2561D}"
EndProject
Global
	GlobalSection(SolutionConfigurationPlatforms) = preSolution
		Debug|Any CPU = Debug|Any CPU
		Debug|iPhone = Debug|iPhone
		Debug|iPhoneSimulator = Debug|iPhoneSimulator
		Release|Any CPU = Release|Any CPU
		Release|iPhone = Release|iPhone
		Release|iPhoneSimulator = Release|iPhoneSimulator
	EndGlobalSection
	GlobalSection(ProjectConfigurationPlatforms) = postSolution
		{0441BC31-D8ED-4C2E-BFEE-99E0590BAA44}.Debug|Any CPU.ActiveCfg = Debug|Any CPU
		{0441BC31-D8ED-4C2E-BFEE-99E0590BAA44}.Debug|Any CPU.Build.0 = Debug|Any CPU
		{0441BC31-D8ED-4C2E-BFEE-99E0590BAA44}.Debug|Any CPU.Deploy.0 = Debug|Any CPU
		{0441BC31-D8ED-4C2E-BFEE-99E0590BAA44}.Debug|iPhone.ActiveCfg = Debug|Any CPU
		{0441BC31-D8ED-4C2E-BFEE-99E0590BAA44}.Debug|iPhone.Build.0 = Debug|Any CPU
		{0441BC31-D8ED-4C2E-BFEE-99E0590BAA44}.Debug|iPhone.Deploy.0 = Debug|Any CPU
		{0441BC31-D8ED-4C2E-BFEE-99E0590BAA44}.Debug|iPhoneSimulator.ActiveCfg = Debug|Any CPU
		{0441BC31-D8ED-4C2E-BFEE-99E0590BAA44}.Debug|iPhoneSimulator.Build.0 = Debug|Any CPU
		{0441BC31-D8ED-4C2E-BFEE-99E0590BAA44}.Debug|iPhoneSimulator.Deploy.0 = Debug|Any CPU
		{0441BC31-D8ED-4C2E-BFEE-99E0590BAA44}.Release|Any CPU.ActiveCfg = Release|Any CPU
		{0441BC31-D8ED-4C2E-BFEE-99E0590BAA44}.Release|Any CPU.Build.0 = Release|Any CPU
		{0441BC31-D8ED-4C2E-BFEE-99E0590BAA44}.Release|Any CPU.Deploy.0 = Release|Any CPU
		{0441BC31-D8ED-4C2E-BFEE-99E0590BAA44}.Release|iPhone.ActiveCfg = Release|Any CPU
		{0441BC31-D8ED-4C2E-BFEE-99E0590BAA44}.Release|iPhone.Build.0 = Release|Any CPU
		{0441BC31-D8ED-4C2E-BFEE-99E0590BAA44}.Release|iPhone.Deploy.0 = Release|Any CPU
		{0441BC31-D8ED-4C2E-BFEE-99E0590BAA44}.Release|iPhoneSimulator.ActiveCfg = Release|Any CPU
		{0441BC31-D8ED-4C2E-BFEE-99E0590BAA44}.Release|iPhoneSimulator.Build.0 = Release|Any CPU
		{0441BC31-D8ED-4C2E-BFEE-99E0590BAA44}.Release|iPhoneSimulator.Deploy.0 = Release|Any CPU
		{405F6798-9499-4997-AE63-7201EA3905B6}.Debug|Any CPU.ActiveCfg = Debug|iPhoneSimulator
		{405F6798-9499-4997-AE63-7201EA3905B6}.Debug|Any CPU.Build.0 = Debug|iPhoneSimulator
		{405F6798-9499-4997-AE63-7201EA3905B6}.Debug|Any CPU.Deploy.0 = Debug|iPhoneSimulator
		{405F6798-9499-4997-AE63-7201EA3905B6}.Debug|iPhone.ActiveCfg = Debug|iPhone
		{405F6798-9499-4997-AE63-7201EA3905B6}.Debug|iPhone.Build.0 = Debug|iPhone
		{405F6798-9499-4997-AE63-7201EA3905B6}.Debug|iPhone.Deploy.0 = Debug|iPhone
		{405F6798-9499-4997-AE63-7201EA3905B6}.Debug|iPhoneSimulator.ActiveCfg = Debug|iPhoneSimulator
		{405F6798-9499-4997-AE63-7201EA3905B6}.Debug|iPhoneSimulator.Build.0 = Debug|iPhoneSimulator
		{405F6798-9499-4997-AE63-7201EA3905B6}.Debug|iPhoneSimulator.Deploy.0 = Debug|iPhoneSimulator
		{405F6798-9499-4997-AE63-7201EA3905B6}.Release|Any CPU.ActiveCfg = Release|iPhone
		{405F6798-9499-4997-AE63-7201EA3905B6}.Release|Any CPU.Build.0 = Release|iPhone
		{405F6798-9499-4997-AE63-7201EA3905B6}.Release|Any CPU.Deploy.0 = Release|iPhone
		{405F6798-9499-4997-AE63-7201EA3905B6}.Release|iPhone.ActiveCfg = Release|iPhone
		{405F6798-9499-4997-AE63-7201EA3905B6}.Release|iPhone.Build.0 = Release|iPhone
		{405F6798-9499-4997-AE63-7201EA3905B6}.Release|iPhone.Deploy.0 = Release|iPhone
		{405F6798-9499-4997-AE63-7201EA3905B6}.Release|iPhoneSimulator.ActiveCfg = Release|iPhoneSimulator
		{405F6798-9499-4997-AE63-7201EA3905B6}.Release|iPhoneSimulator.Build.0 = Release|iPhoneSimulator
		{405F6798-9499-4997-AE63-7201EA3905B6}.Release|iPhoneSimulator.Deploy.0 = Release|iPhoneSimulator
		{8E31282B-3ECC-4711-8D0B-1B4B27F2561D}.Debug|Any CPU.ActiveCfg = Debug|Any CPU
		{8E31282B-3ECC-4711-8D0B-1B4B27F2561D}.Debug|Any CPU.Build.0 = Debug|Any CPU
		{8E31282B-3ECC-4711-8D0B-1B4B27F2561D}.Debug|Any CPU.Deploy.0 = Debug|Any CPU
		{8E31282B-3ECC-4711-8D0B-1B4B27F2561D}.Debug|iPhone.ActiveCfg = Debug|Any CPU
		{8E31282B-3ECC-4711-8D0B-1B4B27F2561D}.Debug|iPhone.Build.0 = Debug|Any CPU
		{8E31282B-3ECC-4711-8D0B-1B4B27F2561D}.Debug|iPhone.Deploy.0 = Debug|Any CPU
		{8E31282B-3ECC-4711-8D0B-1B4B27F2561D}.Debug|iPhoneSimulator.ActiveCfg = Debug|Any CPU
		{8E31282B-3ECC-4711-8D0B-1B4B27F2561D}.Debug|iPhoneSimulator.Build.0 = Debug|Any CPU
		{8E31282B-3ECC-4711-8D0B-1B4B27F2561D}.Debug|iPhoneSimulator.Deploy.0 = Debug|Any CPU
		{8E31282B-3ECC-4711-8D0B-1B4B27F2561D}.Release|Any CPU.ActiveCfg = Release|Any CPU
		{8E31282B-3ECC-4711-8D0B-1B4B27F2561D}.Release|Any CPU.Build.0 = Release|Any CPU
		{8E31282B-3ECC-4711-8D0B-1B4B27F2561D}.Release|Any CPU.Deploy.0 = Release|Any CPU
		{8E31282B-3ECC-4711-8D0B-1B4B27F2561D}.Release|iPhone.ActiveCfg = Release|Any CPU
		{8E31282B-3ECC-4711-8D0B-1B4B27F2561D}.Release|iPhone.Build.0 = Release|Any CPU
		{8E31282B-3ECC-4711-8D0B-1B4B27F2561D}.Release|iPhone.Deploy.0 = Release|Any CPU
		{8E31282B-3ECC-4711-8D0B-1B4B27F2561D}.Release|iPhoneSimulator.ActiveCfg = Release|Any CPU
		{8E31282B-3ECC-4711-8D0B-1B4B27F2561D}.Release|iPhoneSimulator.Build.0 = Release|Any CPU
		{8E31282B-3ECC-4711-8D0B-1B4B27F2561D}.Release|iPhoneSimulator.Deploy.0 = Release|Any CPU
	EndGlobalSection
	GlobalSection(SolutionProperties) = preSolution
		HideSolutionNode = FALSE
	EndGlobalSection
	GlobalSection(ExtensibilityGlobals) = postSolution
		SolutionGuid = {63347228-E0D4-4C84-9AE5-E636C4FDF294}
	EndGlobalSection
EndGlobal
